
Microsoft Visual Studio Solution File, Format Version 12.00
# Visual Studio Version 17
VisualStudioVersion = 17.12.35527.113 d17.12
MinimumVisualStudioVersion = 10.0.40219.1
Project("{FAE04EC0-301F-11D3-BF4B-00C04F79EFBC}") = "UnitTesting", "UnitTesting\UnitTesting.csproj", "{9B390248-848D-4450-917D-977DC87273BB}"
EndProject
Project("{FAE04EC0-301F-11D3-BF4B-00C04F79EFBC}") = "UnitTesting.MSTests", "UnitTesting.MSTests\UnitTesting.MSTests.csproj", "{87FC11F4-64D9-4C4E-B67A-A589E6A25965}"
EndProject
Project("{FAE04EC0-301F-11D3-BF4B-00C04F79EFBC}") = "UnitTesting.NUnitTests", "UnitTesting.NUnitTests\UnitTesting.NUnitTests.csproj", "{9981130B-7A4E-4364-B21C-90A01AD03923}"
EndProject
Project("{FAE04EC0-301F-11D3-BF4B-00C04F79EFBC}") = "UnitTesting.XUnitTests", "UnitTesting.XUnitTests\UnitTesting.XUnitTests.csproj", "{FE7E2A09-2E2A-4240-88E5-F46E719B0D9C}"
EndProject
Project("{2150E333-8FDC-42A3-9474-1A3956D46DE8}") = "src", "src", "{DD13DF9C-4B89-4234-B8B2-37DA7C9323CF}"
EndProject
Project("{2150E333-8FDC-42A3-9474-1A3956D46DE8}") = "Basic Foundations", "Basic Foundations", "{B49A75FC-D1FF-45F0-BDB6-3AE3EF8A9C73}"
EndProject
Project("{2150E333-8FDC-42A3-9474-1A3956D46DE8}") = "N Tier Project", "N Tier Project", "{FF59E2D2-B66D-4A82-8497-32696CB1AD53}"
EndProject
Project("{FAE04EC0-301F-11D3-BF4B-00C04F79EFBC}") = "Bongo.Web", "Bongo.Web\Bongo.Web.csproj", "{5FF94400-57AB-4795-A043-BE1A357C227A}"
EndProject
Project("{FAE04EC0-301F-11D3-BF4B-00C04F79EFBC}") = "Bongo.Models", "Bongo.Models\Bongo.Models.csproj", "{CDED6D25-DF16-4B21-84E5-02060A09F3F9}"
EndProject
Project("{FAE04EC0-301F-11D3-BF4B-00C04F79EFBC}") = "Bongo.DataAccess", "Bongo.DataAccess\Bongo.DataAccess.csproj", "{94F128EC-CECE-49FD-AB84-500AA5E2AAA1}"
EndProject
Project("{FAE04EC0-301F-11D3-BF4B-00C04F79EFBC}") = "Bongo.Core", "Bongo.Core\Bongo.Core.csproj", "{14CED9EB-49D4-426E-864F-392F26961B46}"
EndProject
Global
	GlobalSection(SolutionConfigurationPlatforms) = preSolution
		Debug|Any CPU = Debug|Any CPU
		Release|Any CPU = Release|Any CPU
	EndGlobalSection
	GlobalSection(ProjectConfigurationPlatforms) = postSolution
		{9B390248-848D-4450-917D-977DC87273BB}.Debug|Any CPU.ActiveCfg = Debug|Any CPU
		{9B390248-848D-4450-917D-977DC87273BB}.Debug|Any CPU.Build.0 = Debug|Any CPU
		{9B390248-848D-4450-917D-977DC87273BB}.Release|Any CPU.ActiveCfg = Release|Any CPU
		{9B390248-848D-4450-917D-977DC87273BB}.Release|Any CPU.Build.0 = Release|Any CPU
		{87FC11F4-64D9-4C4E-B67A-A589E6A25965}.Debug|Any CPU.ActiveCfg = Debug|Any CPU
		{87FC11F4-64D9-4C4E-B67A-A589E6A25965}.Debug|Any CPU.Build.0 = Debug|Any CPU
		{87FC11F4-64D9-4C4E-B67A-A589E6A25965}.Release|Any CPU.ActiveCfg = Release|Any CPU
		{87FC11F4-64D9-4C4E-B67A-A589E6A25965}.Release|Any CPU.Build.0 = Release|Any CPU
		{9981130B-7A4E-4364-B21C-90A01AD03923}.Debug|Any CPU.ActiveCfg = Debug|Any CPU
		{9981130B-7A4E-4364-B21C-90A01AD03923}.Debug|Any CPU.Build.0 = Debug|Any CPU
		{9981130B-7A4E-4364-B21C-90A01AD03923}.Release|Any CPU.ActiveCfg = Release|Any CPU
		{9981130B-7A4E-4364-B21C-90A01AD03923}.Release|Any CPU.Build.0 = Release|Any CPU
		{FE7E2A09-2E2A-4240-88E5-F46E719B0D9C}.Debug|Any CPU.ActiveCfg = Debug|Any CPU
		{FE7E2A09-2E2A-4240-88E5-F46E719B0D9C}.Debug|Any CPU.Build.0 = Debug|Any CPU
		{FE7E2A09-2E2A-4240-88E5-F46E719B0D9C}.Release|Any CPU.ActiveCfg = Release|Any CPU
		{FE7E2A09-2E2A-4240-88E5-F46E719B0D9C}.Release|Any CPU.Build.0 = Release|Any CPU
		{5FF94400-57AB-4795-A043-BE1A357C227A}.Debug|Any CPU.ActiveCfg = Debug|Any CPU
		{5FF94400-57AB-4795-A043-BE1A357C227A}.Debug|Any CPU.Build.0 = Debug|Any CPU
		{5FF94400-57AB-4795-A043-BE1A357C227A}.Release|Any CPU.ActiveCfg = Release|Any CPU
		{5FF94400-57AB-4795-A043-BE1A357C227A}.Release|Any CPU.Build.0 = Release|Any CPU
		{CDED6D25-DF16-4B21-84E5-02060A09F3F9}.Debug|Any CPU.ActiveCfg = Debug|Any CPU
		{CDED6D25-DF16-4B21-84E5-02060A09F3F9}.Debug|Any CPU.Build.0 = Debug|Any CPU
		{CDED6D25-DF16-4B21-84E5-02060A09F3F9}.Release|Any CPU.ActiveCfg = Release|Any CPU
		{CDED6D25-DF16-4B21-84E5-02060A09F3F9}.Release|Any CPU.Build.0 = Release|Any CPU
		{94F128EC-CECE-49FD-AB84-500AA5E2AAA1}.Debug|Any CPU.ActiveCfg = Debug|Any CPU
		{94F128EC-CECE-49FD-AB84-500AA5E2AAA1}.Debug|Any CPU.Build.0 = Debug|Any CPU
		{94F128EC-CECE-49FD-AB84-500AA5E2AAA1}.Release|Any CPU.ActiveCfg = Release|Any CPU
		{94F128EC-CECE-49FD-AB84-500AA5E2AAA1}.Release|Any CPU.Build.0 = Release|Any CPU
		{14CED9EB-49D4-426E-864F-392F26961B46}.Debug|Any CPU.ActiveCfg = Debug|Any CPU
		{14CED9EB-49D4-426E-864F-392F26961B46}.Debug|Any CPU.Build.0 = Debug|Any CPU
		{14CED9EB-49D4-426E-864F-392F26961B46}.Release|Any CPU.ActiveCfg = Release|Any CPU
		{14CED9EB-49D4-426E-864F-392F26961B46}.Release|Any CPU.Build.0 = Release|Any CPU
	EndGlobalSection
	GlobalSection(SolutionProperties) = preSolution
		HideSolutionNode = FALSE
	EndGlobalSection
	GlobalSection(NestedProjects) = preSolution
		{9B390248-848D-4450-917D-977DC87273BB} = {B49A75FC-D1FF-45F0-BDB6-3AE3EF8A9C73}
		{87FC11F4-64D9-4C4E-B67A-A589E6A25965} = {B49A75FC-D1FF-45F0-BDB6-3AE3EF8A9C73}
		{9981130B-7A4E-4364-B21C-90A01AD03923} = {B49A75FC-D1FF-45F0-BDB6-3AE3EF8A9C73}
		{FE7E2A09-2E2A-4240-88E5-F46E719B0D9C} = {B49A75FC-D1FF-45F0-BDB6-3AE3EF8A9C73}
		{B49A75FC-D1FF-45F0-BDB6-3AE3EF8A9C73} = {DD13DF9C-4B89-4234-B8B2-37DA7C9323CF}
		{FF59E2D2-B66D-4A82-8497-32696CB1AD53} = {DD13DF9C-4B89-4234-B8B2-37DA7C9323CF}
		{5FF94400-57AB-4795-A043-BE1A357C227A} = {FF59E2D2-B66D-4A82-8497-32696CB1AD53}
		{CDED6D25-DF16-4B21-84E5-02060A09F3F9} = {FF59E2D2-B66D-4A82-8497-32696CB1AD53}
		{94F128EC-CECE-49FD-AB84-500AA5E2AAA1} = {FF59E2D2-B66D-4A82-8497-32696CB1AD53}
		{14CED9EB-49D4-426E-864F-392F26961B46} = {FF59E2D2-B66D-4A82-8497-32696CB1AD53}
	EndGlobalSection
EndGlobal
